
Microsoft Visual Studio Solution File, Format Version 12.00
# Visual Studio 14
VisualStudioVersion = 14.0.23107.0
MinimumVisualStudioVersion = 10.0.40219.1
Project("{FAE04EC0-301F-11D3-BF4B-00C04F79EFBC}") = "LanguageFeatures", "LanguageFeatures\LanguageFeatures.csproj", "{B14B5F0F-F3CB-4E82-9F7B-7622D98F675B}"
EndProject
Global
	GlobalSection(SolutionConfigurationPlatforms) = preSolution
		Debug|Any CPU = Debug|Any CPU
		Release|Any CPU = Release|Any CPU
	EndGlobalSection
	GlobalSection(ProjectConfigurationPlatforms) = postSolution
		{B14B5F0F-F3CB-4E82-9F7B-7622D98F675B}.Debug|Any CPU.ActiveCfg = Debug|Any CPU
		{B14B5F0F-F3CB-4E82-9F7B-7622D98F675B}.Debug|Any CPU.Build.0 = Debug|Any CPU
		{B14B5F0F-F3CB-4E82-9F7B-7622D98F675B}.Release|Any CPU.ActiveCfg = Release|Any CPU
		{B14B5F0F-F3CB-4E82-9F7B-7622D98F675B}.Release|Any CPU.Build.0 = Release|Any CPU
	EndGlobalSection
	GlobalSection(SolutionProperties) = preSolution
		HideSolutionNode = FALSE
	EndGlobalSection
EndGlobal
